
Microsoft Visual Studio Solution File, Format Version 12.00
# Visual Studio Version 17
VisualStudioVersion = 17.11.35312.102
MinimumVisualStudioVersion = 10.0.40219.1
Project("{FAE04EC0-301F-11D3-BF4B-00C04F79EFBC}") = "lunar lander", "lunar lander.csproj", "{604A6B4B-83B7-4738-A52D-29D9D86150AF}"
EndProject
Global
	GlobalSection(SolutionConfigurationPlatforms) = preSolution
		Debug|Any CPU = Debug|Any CPU
		Release|Any CPU = Release|Any CPU
	EndGlobalSection
	GlobalSection(ProjectConfigurationPlatforms) = postSolution
		{604A6B4B-83B7-4738-A52D-29D9D86150AF}.Debug|Any CPU.ActiveCfg = Debug|Any CPU
		{604A6B4B-83B7-4738-A52D-29D9D86150AF}.Debug|Any CPU.Build.0 = Debug|Any CPU
		{604A6B4B-83B7-4738-A52D-29D9D86150AF}.Release|Any CPU.ActiveCfg = Release|Any CPU
		{604A6B4B-83B7-4738-A52D-29D9D86150AF}.Release|Any CPU.Build.0 = Release|Any CPU
	EndGlobalSection
	GlobalSection(SolutionProperties) = preSolution
		HideSolutionNode = FALSE
	EndGlobalSection
	GlobalSection(ExtensibilityGlobals) = postSolution
		SolutionGuid = {B73459F7-37A9-4CE1-AE97-7257C7777D38}
	EndGlobalSection
EndGlobal
