
Microsoft Visual Studio Solution File, Format Version 12.00
# Visual Studio Version 17
VisualStudioVersion = 17.11.35312.102
MinimumVisualStudioVersion = 10.0.40219.1
Project("{FAE04EC0-301F-11D3-BF4B-00C04F79EFBC}") = "TANKS", "TANKS.csproj", "{936B7E92-5EE7-40AA-96BA-B4F403EB35A6}"
EndProject
Global
	GlobalSection(SolutionConfigurationPlatforms) = preSolution
		Debug|Any CPU = Debug|Any CPU
		Release|Any CPU = Release|Any CPU
	EndGlobalSection
	GlobalSection(ProjectConfigurationPlatforms) = postSolution
		{936B7E92-5EE7-40AA-96BA-B4F403EB35A6}.Debug|Any CPU.ActiveCfg = Debug|Any CPU
		{936B7E92-5EE7-40AA-96BA-B4F403EB35A6}.Debug|Any CPU.Build.0 = Debug|Any CPU
		{936B7E92-5EE7-40AA-96BA-B4F403EB35A6}.Release|Any CPU.ActiveCfg = Release|Any CPU
		{936B7E92-5EE7-40AA-96BA-B4F403EB35A6}.Release|Any CPU.Build.0 = Release|Any CPU
	EndGlobalSection
	GlobalSection(SolutionProperties) = preSolution
		HideSolutionNode = FALSE
	EndGlobalSection
	GlobalSection(ExtensibilityGlobals) = postSolution
		SolutionGuid = {E3C38BCE-40E9-4CF3-BAE8-54B44524D8BA}
	EndGlobalSection
EndGlobal
