
Microsoft Visual Studio Solution File, Format Version 12.00
# Visual Studio Version 17
VisualStudioVersion = 17.11.35312.102
MinimumVisualStudioVersion = 10.0.40219.1
Project("{FAE04EC0-301F-11D3-BF4B-00C04F79EFBC}") = "DVD", "DVD.csproj", "{115CA685-2C10-47DD-B250-3B8DDAF3004A}"
EndProject
Global
	GlobalSection(SolutionConfigurationPlatforms) = preSolution
		Debug|Any CPU = Debug|Any CPU
		Release|Any CPU = Release|Any CPU
	EndGlobalSection
	GlobalSection(ProjectConfigurationPlatforms) = postSolution
		{115CA685-2C10-47DD-B250-3B8DDAF3004A}.Debug|Any CPU.ActiveCfg = Debug|Any CPU
		{115CA685-2C10-47DD-B250-3B8DDAF3004A}.Debug|Any CPU.Build.0 = Debug|Any CPU
		{115CA685-2C10-47DD-B250-3B8DDAF3004A}.Release|Any CPU.ActiveCfg = Release|Any CPU
		{115CA685-2C10-47DD-B250-3B8DDAF3004A}.Release|Any CPU.Build.0 = Release|Any CPU
	EndGlobalSection
	GlobalSection(SolutionProperties) = preSolution
		HideSolutionNode = FALSE
	EndGlobalSection
	GlobalSection(ExtensibilityGlobals) = postSolution
		SolutionGuid = {D4435EBD-6753-4CB5-BF75-B72D178C6832}
	EndGlobalSection
EndGlobal
